
Microsoft Visual Studio Solution File, Format Version 12.00
Project("{FAE04EC0-301F-11D3-BF4B-00C04F79EFBC}") = "WebApp", "WebApp\WebApp.csproj", "{714DDE98-BAB5-4B3B-ADBD-959E712E29E7}"
EndProject
Project("{FAE04EC0-301F-11D3-BF4B-00C04F79EFBC}") = "App.Domain", "App.Domain\App.Domain.csproj", "{E219CB65-ED25-4C5E-BFC6-7F7B73D2FB3B}"
EndProject
Project("{FAE04EC0-301F-11D3-BF4B-00C04F79EFBC}") = "Base.Domain", "Base.Domain\Base.Domain.csproj", "{4789AE94-C22D-4929-BDB9-A866270DD3BB}"
EndProject
Project("{2150E333-8FDC-42A3-9474-1A3956D46DE8}") = "App", "App", "{BBE62951-64C1-4952-A143-511A7E492AE1}"
EndProject
Project("{2150E333-8FDC-42A3-9474-1A3956D46DE8}") = "Base", "Base", "{7E7DB315-8583-4AD0-B7F6-BF54DE1F48BE}"
EndProject
Project("{2150E333-8FDC-42A3-9474-1A3956D46DE8}") = "0_Solution_Items", "0_Solution_Items", "{D213A6DC-85F3-441C-8C1C-247A97CB4775}"
	ProjectSection(SolutionItems) = preProject
		README.md = README.md
		docker-compose.yml = docker-compose.yml
		Directory.Build.props = Directory.Build.props
		.gitignore = .gitignore
		Dockerfile = Dockerfile
	EndProjectSection
EndProject
Project("{FAE04EC0-301F-11D3-BF4B-00C04F79EFBC}") = "Base.Contracts.Domain", "Base.Contracts.Domain\Base.Contracts.Domain.csproj", "{85D586F5-B0D4-4D2F-BF7E-5A62305E335B}"
EndProject
Project("{FAE04EC0-301F-11D3-BF4B-00C04F79EFBC}") = "App.DAL.EF", "App.DAL.EF\App.DAL.EF.csproj", "{7BDF2768-62DC-448C-B8C3-017076ECEA45}"
EndProject
Project("{FAE04EC0-301F-11D3-BF4B-00C04F79EFBC}") = "Base.Contracts.DAL", "Base.Contracts.DAL\Base.Contracts.DAL.csproj", "{F42ECAF6-F420-4551-9549-29BC26460246}"
EndProject
Project("{FAE04EC0-301F-11D3-BF4B-00C04F79EFBC}") = "Base.DAL.EF", "Base.DAL.EF\Base.DAL.EF.csproj", "{4098D7A0-A5C5-4B9C-9B1C-6042A76D9BFC}"
EndProject
Project("{FAE04EC0-301F-11D3-BF4B-00C04F79EFBC}") = "App.Contracts.DAL", "App.Contracts.DAL\App.Contracts.DAL.csproj", "{46F51069-CF5D-454B-B55D-98887AD09207}"
EndProject
Project("{FAE04EC0-301F-11D3-BF4B-00C04F79EFBC}") = "Base.DAL", "Base.DAL\Base.DAL.csproj", "{CDD3ED66-DC5E-483F-AB46-33059F010F10}"
EndProject
Project("{FAE04EC0-301F-11D3-BF4B-00C04F79EFBC}") = "Helpers.Base", "Helpers.Base\Helpers.Base.csproj", "{F04134C3-1B52-4534-944C-D2DE1516292D}"
EndProject
Project("{FAE04EC0-301F-11D3-BF4B-00C04F79EFBC}") = "Public.DTO", "Public.DTO\Public.DTO.csproj", "{8A32093F-912D-4793-B8B4-6BA7619C8D2F}"
EndProject
Project("{FAE04EC0-301F-11D3-BF4B-00C04F79EFBC}") = "Tests", "Tests\Tests.csproj", "{1638BD60-DAD5-4B8B-B33C-2E3ECAE009B8}"
EndProject
Project("{FAE04EC0-301F-11D3-BF4B-00C04F79EFBC}") = "Base.Contracts.BLL", "Base.Contracts.BLL\Base.Contracts.BLL.csproj", "{5305830F-22C0-466C-93E0-253A3B96C3A2}"
EndProject
Project("{FAE04EC0-301F-11D3-BF4B-00C04F79EFBC}") = "Base.BLL", "Base.BLL\Base.BLL.csproj", "{5E1F8862-2675-4D8D-81A0-2B121AC728CF}"
EndProject
Project("{FAE04EC0-301F-11D3-BF4B-00C04F79EFBC}") = "App.Contracts.BLL", "App.Contracts.BLL\App.Contracts.BLL.csproj", "{03246CF2-8AFA-4F79-9052-A2CA453C61C5}"
EndProject
Project("{FAE04EC0-301F-11D3-BF4B-00C04F79EFBC}") = "App.BLL", "App.BLL\App.BLL.csproj", "{7FC9B432-047C-4D59-84AF-D9B23B13E1AD}"
EndProject
Project("{FAE04EC0-301F-11D3-BF4B-00C04F79EFBC}") = "App.BLL.DTO", "App.BLL.DTO\App.BLL.DTO.csproj", "{87A81ED1-D30F-4B9E-8653-E9D5A3FF3CC4}"
EndProject
Project("{FAE04EC0-301F-11D3-BF4B-00C04F79EFBC}") = "Base.Contracts", "Base.Contracts\Base.Contracts.csproj", "{165A572F-479D-452E-805D-F43B6C694936}"
EndProject
Project("{FAE04EC0-301F-11D3-BF4B-00C04F79EFBC}") = "App.DAL.DTO", "App.DAL.DTO\App.DAL.DTO.csproj", "{03A083A4-BB12-4480-B6D1-ACED87EDA168}"
EndProject
Global
	GlobalSection(SolutionConfigurationPlatforms) = preSolution
		Debug|Any CPU = Debug|Any CPU
		Release|Any CPU = Release|Any CPU
	EndGlobalSection
	GlobalSection(ProjectConfigurationPlatforms) = postSolution
		{714DDE98-BAB5-4B3B-ADBD-959E712E29E7}.Debug|Any CPU.ActiveCfg = Debug|Any CPU
		{714DDE98-BAB5-4B3B-ADBD-959E712E29E7}.Debug|Any CPU.Build.0 = Debug|Any CPU
		{714DDE98-BAB5-4B3B-ADBD-959E712E29E7}.Release|Any CPU.ActiveCfg = Release|Any CPU
		{714DDE98-BAB5-4B3B-ADBD-959E712E29E7}.Release|Any CPU.Build.0 = Release|Any CPU
		{E219CB65-ED25-4C5E-BFC6-7F7B73D2FB3B}.Debug|Any CPU.ActiveCfg = Debug|Any CPU
		{E219CB65-ED25-4C5E-BFC6-7F7B73D2FB3B}.Debug|Any CPU.Build.0 = Debug|Any CPU
		{E219CB65-ED25-4C5E-BFC6-7F7B73D2FB3B}.Release|Any CPU.ActiveCfg = Release|Any CPU
		{E219CB65-ED25-4C5E-BFC6-7F7B73D2FB3B}.Release|Any CPU.Build.0 = Release|Any CPU
		{4789AE94-C22D-4929-BDB9-A866270DD3BB}.Debug|Any CPU.ActiveCfg = Debug|Any CPU
		{4789AE94-C22D-4929-BDB9-A866270DD3BB}.Debug|Any CPU.Build.0 = Debug|Any CPU
		{4789AE94-C22D-4929-BDB9-A866270DD3BB}.Release|Any CPU.ActiveCfg = Release|Any CPU
		{4789AE94-C22D-4929-BDB9-A866270DD3BB}.Release|Any CPU.Build.0 = Release|Any CPU
		{85D586F5-B0D4-4D2F-BF7E-5A62305E335B}.Debug|Any CPU.ActiveCfg = Debug|Any CPU
		{85D586F5-B0D4-4D2F-BF7E-5A62305E335B}.Debug|Any CPU.Build.0 = Debug|Any CPU
		{85D586F5-B0D4-4D2F-BF7E-5A62305E335B}.Release|Any CPU.ActiveCfg = Release|Any CPU
		{85D586F5-B0D4-4D2F-BF7E-5A62305E335B}.Release|Any CPU.Build.0 = Release|Any CPU
		{7BDF2768-62DC-448C-B8C3-017076ECEA45}.Debug|Any CPU.ActiveCfg = Debug|Any CPU
		{7BDF2768-62DC-448C-B8C3-017076ECEA45}.Debug|Any CPU.Build.0 = Debug|Any CPU
		{7BDF2768-62DC-448C-B8C3-017076ECEA45}.Release|Any CPU.ActiveCfg = Release|Any CPU
		{7BDF2768-62DC-448C-B8C3-017076ECEA45}.Release|Any CPU.Build.0 = Release|Any CPU
		{F42ECAF6-F420-4551-9549-29BC26460246}.Debug|Any CPU.ActiveCfg = Debug|Any CPU
		{F42ECAF6-F420-4551-9549-29BC26460246}.Debug|Any CPU.Build.0 = Debug|Any CPU
		{F42ECAF6-F420-4551-9549-29BC26460246}.Release|Any CPU.ActiveCfg = Release|Any CPU
		{F42ECAF6-F420-4551-9549-29BC26460246}.Release|Any CPU.Build.0 = Release|Any CPU
		{4098D7A0-A5C5-4B9C-9B1C-6042A76D9BFC}.Debug|Any CPU.ActiveCfg = Debug|Any CPU
		{4098D7A0-A5C5-4B9C-9B1C-6042A76D9BFC}.Debug|Any CPU.Build.0 = Debug|Any CPU
		{4098D7A0-A5C5-4B9C-9B1C-6042A76D9BFC}.Release|Any CPU.ActiveCfg = Release|Any CPU
		{4098D7A0-A5C5-4B9C-9B1C-6042A76D9BFC}.Release|Any CPU.Build.0 = Release|Any CPU
		{46F51069-CF5D-454B-B55D-98887AD09207}.Debug|Any CPU.ActiveCfg = Debug|Any CPU
		{46F51069-CF5D-454B-B55D-98887AD09207}.Debug|Any CPU.Build.0 = Debug|Any CPU
		{46F51069-CF5D-454B-B55D-98887AD09207}.Release|Any CPU.ActiveCfg = Release|Any CPU
		{46F51069-CF5D-454B-B55D-98887AD09207}.Release|Any CPU.Build.0 = Release|Any CPU
		{CDD3ED66-DC5E-483F-AB46-33059F010F10}.Debug|Any CPU.ActiveCfg = Debug|Any CPU
		{CDD3ED66-DC5E-483F-AB46-33059F010F10}.Debug|Any CPU.Build.0 = Debug|Any CPU
		{CDD3ED66-DC5E-483F-AB46-33059F010F10}.Release|Any CPU.ActiveCfg = Release|Any CPU
		{CDD3ED66-DC5E-483F-AB46-33059F010F10}.Release|Any CPU.Build.0 = Release|Any CPU
		{F04134C3-1B52-4534-944C-D2DE1516292D}.Debug|Any CPU.ActiveCfg = Debug|Any CPU
		{F04134C3-1B52-4534-944C-D2DE1516292D}.Debug|Any CPU.Build.0 = Debug|Any CPU
		{F04134C3-1B52-4534-944C-D2DE1516292D}.Release|Any CPU.ActiveCfg = Release|Any CPU
		{F04134C3-1B52-4534-944C-D2DE1516292D}.Release|Any CPU.Build.0 = Release|Any CPU
		{8A32093F-912D-4793-B8B4-6BA7619C8D2F}.Debug|Any CPU.ActiveCfg = Debug|Any CPU
		{8A32093F-912D-4793-B8B4-6BA7619C8D2F}.Debug|Any CPU.Build.0 = Debug|Any CPU
		{8A32093F-912D-4793-B8B4-6BA7619C8D2F}.Release|Any CPU.ActiveCfg = Release|Any CPU
		{8A32093F-912D-4793-B8B4-6BA7619C8D2F}.Release|Any CPU.Build.0 = Release|Any CPU
		{1638BD60-DAD5-4B8B-B33C-2E3ECAE009B8}.Debug|Any CPU.ActiveCfg = Debug|Any CPU
		{1638BD60-DAD5-4B8B-B33C-2E3ECAE009B8}.Debug|Any CPU.Build.0 = Debug|Any CPU
		{1638BD60-DAD5-4B8B-B33C-2E3ECAE009B8}.Release|Any CPU.ActiveCfg = Release|Any CPU
		{1638BD60-DAD5-4B8B-B33C-2E3ECAE009B8}.Release|Any CPU.Build.0 = Release|Any CPU
		{5305830F-22C0-466C-93E0-253A3B96C3A2}.Debug|Any CPU.ActiveCfg = Debug|Any CPU
		{5305830F-22C0-466C-93E0-253A3B96C3A2}.Debug|Any CPU.Build.0 = Debug|Any CPU
		{5305830F-22C0-466C-93E0-253A3B96C3A2}.Release|Any CPU.ActiveCfg = Release|Any CPU
		{5305830F-22C0-466C-93E0-253A3B96C3A2}.Release|Any CPU.Build.0 = Release|Any CPU
		{5E1F8862-2675-4D8D-81A0-2B121AC728CF}.Debug|Any CPU.ActiveCfg = Debug|Any CPU
		{5E1F8862-2675-4D8D-81A0-2B121AC728CF}.Debug|Any CPU.Build.0 = Debug|Any CPU
		{5E1F8862-2675-4D8D-81A0-2B121AC728CF}.Release|Any CPU.ActiveCfg = Release|Any CPU
		{5E1F8862-2675-4D8D-81A0-2B121AC728CF}.Release|Any CPU.Build.0 = Release|Any CPU
		{03246CF2-8AFA-4F79-9052-A2CA453C61C5}.Debug|Any CPU.ActiveCfg = Debug|Any CPU
		{03246CF2-8AFA-4F79-9052-A2CA453C61C5}.Debug|Any CPU.Build.0 = Debug|Any CPU
		{03246CF2-8AFA-4F79-9052-A2CA453C61C5}.Release|Any CPU.ActiveCfg = Release|Any CPU
		{03246CF2-8AFA-4F79-9052-A2CA453C61C5}.Release|Any CPU.Build.0 = Release|Any CPU
		{7FC9B432-047C-4D59-84AF-D9B23B13E1AD}.Debug|Any CPU.ActiveCfg = Debug|Any CPU
		{7FC9B432-047C-4D59-84AF-D9B23B13E1AD}.Debug|Any CPU.Build.0 = Debug|Any CPU
		{7FC9B432-047C-4D59-84AF-D9B23B13E1AD}.Release|Any CPU.ActiveCfg = Release|Any CPU
		{7FC9B432-047C-4D59-84AF-D9B23B13E1AD}.Release|Any CPU.Build.0 = Release|Any CPU
		{87A81ED1-D30F-4B9E-8653-E9D5A3FF3CC4}.Debug|Any CPU.ActiveCfg = Debug|Any CPU
		{87A81ED1-D30F-4B9E-8653-E9D5A3FF3CC4}.Debug|Any CPU.Build.0 = Debug|Any CPU
		{87A81ED1-D30F-4B9E-8653-E9D5A3FF3CC4}.Release|Any CPU.ActiveCfg = Release|Any CPU
		{87A81ED1-D30F-4B9E-8653-E9D5A3FF3CC4}.Release|Any CPU.Build.0 = Release|Any CPU
		{165A572F-479D-452E-805D-F43B6C694936}.Debug|Any CPU.ActiveCfg = Debug|Any CPU
		{165A572F-479D-452E-805D-F43B6C694936}.Debug|Any CPU.Build.0 = Debug|Any CPU
		{165A572F-479D-452E-805D-F43B6C694936}.Release|Any CPU.ActiveCfg = Release|Any CPU
		{165A572F-479D-452E-805D-F43B6C694936}.Release|Any CPU.Build.0 = Release|Any CPU
		{03A083A4-BB12-4480-B6D1-ACED87EDA168}.Debug|Any CPU.ActiveCfg = Debug|Any CPU
		{03A083A4-BB12-4480-B6D1-ACED87EDA168}.Debug|Any CPU.Build.0 = Debug|Any CPU
		{03A083A4-BB12-4480-B6D1-ACED87EDA168}.Release|Any CPU.ActiveCfg = Release|Any CPU
		{03A083A4-BB12-4480-B6D1-ACED87EDA168}.Release|Any CPU.Build.0 = Release|Any CPU
	EndGlobalSection
	GlobalSection(NestedProjects) = preSolution
		{E219CB65-ED25-4C5E-BFC6-7F7B73D2FB3B} = {BBE62951-64C1-4952-A143-511A7E492AE1}
		{4789AE94-C22D-4929-BDB9-A866270DD3BB} = {7E7DB315-8583-4AD0-B7F6-BF54DE1F48BE}
		{714DDE98-BAB5-4B3B-ADBD-959E712E29E7} = {BBE62951-64C1-4952-A143-511A7E492AE1}
		{85D586F5-B0D4-4D2F-BF7E-5A62305E335B} = {7E7DB315-8583-4AD0-B7F6-BF54DE1F48BE}
		{7BDF2768-62DC-448C-B8C3-017076ECEA45} = {BBE62951-64C1-4952-A143-511A7E492AE1}
		{F42ECAF6-F420-4551-9549-29BC26460246} = {7E7DB315-8583-4AD0-B7F6-BF54DE1F48BE}
		{4098D7A0-A5C5-4B9C-9B1C-6042A76D9BFC} = {7E7DB315-8583-4AD0-B7F6-BF54DE1F48BE}
		{46F51069-CF5D-454B-B55D-98887AD09207} = {BBE62951-64C1-4952-A143-511A7E492AE1}
		{CDD3ED66-DC5E-483F-AB46-33059F010F10} = {7E7DB315-8583-4AD0-B7F6-BF54DE1F48BE}
		{F04134C3-1B52-4534-944C-D2DE1516292D} = {7E7DB315-8583-4AD0-B7F6-BF54DE1F48BE}
		{8A32093F-912D-4793-B8B4-6BA7619C8D2F} = {BBE62951-64C1-4952-A143-511A7E492AE1}
		{1638BD60-DAD5-4B8B-B33C-2E3ECAE009B8} = {BBE62951-64C1-4952-A143-511A7E492AE1}
		{5305830F-22C0-466C-93E0-253A3B96C3A2} = {7E7DB315-8583-4AD0-B7F6-BF54DE1F48BE}
		{5E1F8862-2675-4D8D-81A0-2B121AC728CF} = {7E7DB315-8583-4AD0-B7F6-BF54DE1F48BE}
		{03246CF2-8AFA-4F79-9052-A2CA453C61C5} = {BBE62951-64C1-4952-A143-511A7E492AE1}
		{7FC9B432-047C-4D59-84AF-D9B23B13E1AD} = {BBE62951-64C1-4952-A143-511A7E492AE1}
		{87A81ED1-D30F-4B9E-8653-E9D5A3FF3CC4} = {BBE62951-64C1-4952-A143-511A7E492AE1}
		{165A572F-479D-452E-805D-F43B6C694936} = {7E7DB315-8583-4AD0-B7F6-BF54DE1F48BE}
		{03A083A4-BB12-4480-B6D1-ACED87EDA168} = {BBE62951-64C1-4952-A143-511A7E492AE1}
	EndGlobalSection
EndGlobal
